
Microsoft Visual Studio Solution File, Format Version 12.00
# Visual Studio Version 17
VisualStudioVersion = 17.5.33502.453
MinimumVisualStudioVersion = 10.0.40219.1
Project("{FAE04EC0-301F-11D3-BF4B-00C04F79EFBC}") = "Clase 3 - Actividad 5", "Clase 3 - Actividad 5\Clase 3 - Actividad 5.csproj", "{2BB895CD-F637-4DDE-A679-D71ADEE1260A}"
EndProject
Global
	GlobalSection(SolutionConfigurationPlatforms) = preSolution
		Debug|Any CPU = Debug|Any CPU
		Release|Any CPU = Release|Any CPU
	EndGlobalSection
	GlobalSection(ProjectConfigurationPlatforms) = postSolution
		{2BB895CD-F637-4DDE-A679-D71ADEE1260A}.Debug|Any CPU.ActiveCfg = Debug|Any CPU
		{2BB895CD-F637-4DDE-A679-D71ADEE1260A}.Debug|Any CPU.Build.0 = Debug|Any CPU
		{2BB895CD-F637-4DDE-A679-D71ADEE1260A}.Release|Any CPU.ActiveCfg = Release|Any CPU
		{2BB895CD-F637-4DDE-A679-D71ADEE1260A}.Release|Any CPU.Build.0 = Release|Any CPU
	EndGlobalSection
	GlobalSection(SolutionProperties) = preSolution
		HideSolutionNode = FALSE
	EndGlobalSection
	GlobalSection(ExtensibilityGlobals) = postSolution
		SolutionGuid = {5AA334F4-57D6-4B29-9669-BD337DB073E3}
	EndGlobalSection
EndGlobal
